// !$*UTF8*$!
{
	archiveVersion = 1;
	classes = {
	};
	objectVersion = 56;
	objects = {

/* Begin PBXBuildFile section */
		501E2C082D4519C7007EE59D /* AppDelegate.swift in Sources */ = {isa = PBXBuildFile; fileRef = 501E2C072D4519C7007EE59D /* AppDelegate.swift */; };
		501E2C0A2D4519C7007EE59D /* SceneDelegate.swift in Sources */ = {isa = PBXBuildFile; fileRef = 501E2C092D4519C7007EE59D /* SceneDelegate.swift */; };
		501E2C0C2D4519C7007EE59D /* ViewController.swift in Sources */ = {isa = PBXBuildFile; fileRef = 501E2C0B2D4519C7007EE59D /* ViewController.swift */; };
		501E2C112D4519C8007EE59D /* Assets.xcassets in Resources */ = {isa = PBXBuildFile; fileRef = 501E2C102D4519C8007EE59D /* Assets.xcassets */; };
		501E2C142D4519C8007EE59D /* LaunchScreen.storyboard in Resources */ = {isa = PBXBuildFile; fileRef = 501E2C122D4519C8007EE59D /* LaunchScreen.storyboard */; };
		5023878D2DE1E1CB00B4059E /* Bsection.swift in Sources */ = {isa = PBXBuildFile; fileRef = 5023878C2DE1E1CB00B4059E /* Bsection.swift */; };
		504CFCE32D7833C2009FDC16 /* SnapKit in Frameworks */ = {isa = PBXBuildFile; productRef = 504CFCE22D7833C2009FDC16 /* SnapKit */; };
		504CFCE52D7833C2009FDC16 /* SnapKit-Dynamic in Frameworks */ = {isa = PBXBuildFile; productRef = 504CFCE42D7833C2009FDC16 /* SnapKit-Dynamic */; };
		506750EC2D8AC10E00B0ECE9 /* Asection.swift in Sources */ = {isa = PBXBuildFile; fileRef = 506750EB2D8AC10E00B0ECE9 /* Asection.swift */; };
		509B39522D7AB89A007DEC17 /* Main.storyboard in Resources */ = {isa = PBXBuildFile; fileRef = 501E2C0D2D4519C7007EE59D /* Main.storyboard */; };
/* End PBXBuildFile section */

/* Begin PBXFileReference section */
		501E2C072D4519C7007EE59D /* AppDelegate.swift */ = {isa = PBXFileReference; lastKnownFileType = sourcecode.swift; path = AppDelegate.swift; sourceTree = "<group>"; };
		501E2C092D4519C7007EE59D /* SceneDelegate.swift */ = {isa = PBXFileReference; lastKnownFileType = sourcecode.swift; path = SceneDelegate.swift; sourceTree = "<group>"; };
		501E2C0B2D4519C7007EE59D /* ViewController.swift */ = {isa = PBXFileReference; lastKnownFileType = sourcecode.swift; path = ViewController.swift; sourceTree = "<group>"; };
		501E2C0E2D4519C7007EE59D /* Base */ = {isa = PBXFileReference; lastKnownFileType = file.storyboard; name = Base; path = Base.lproj/Main.storyboard; sourceTree = "<group>"; };
		501E2C102D4519C8007EE59D /* Assets.xcassets */ = {isa = PBXFileReference; lastKnownFileType = folder.assetcatalog; path = Assets.xcassets; sourceTree = "<group>"; };
		501E2C132D4519C8007EE59D /* Base */ = {isa = PBXFileReference; lastKnownFileType = file.storyboard; name = Base; path = Base.lproj/LaunchScreen.storyboard; sourceTree = "<group>"; };
		501E2C152D4519C8007EE59D /* Info.plist */ = {isa = PBXFileReference; lastKnownFileType = text.plist.xml; path = Info.plist; sourceTree = "<group>"; };
		5023878C2DE1E1CB00B4059E /* Bsection.swift */ = {isa = PBXFileReference; lastKnownFileType = sourcecode.swift; path = Bsection.swift; sourceTree = "<group>"; };
		506750EB2D8AC10E00B0ECE9 /* Asection.swift */ = {isa = PBXFileReference; lastKnownFileType = sourcecode.swift; path = Asection.swift; sourceTree = "<group>"; };
		50D2F6702D7AFAB600BE728C /* AACProject.app */ = {isa = PBXFileReference; explicitFileType = wrapper.application; includeInIndex = 0; path = AACProject.app; sourceTree = BUILT_PRODUCTS_DIR; };
/* End PBXFileReference section */

/* Begin PBXFrameworksBuildPhase section */
		501E2C012D4519C7007EE59D /* Frameworks */ = {
			isa = PBXFrameworksBuildPhase;
			buildActionMask = 2147483647;
			files = (
				504CFCE32D7833C2009FDC16 /* SnapKit in Frameworks */,
				504CFCE52D7833C2009FDC16 /* SnapKit-Dynamic in Frameworks */,
			);
			runOnlyForDeploymentPostprocessing = 0;
		};
/* End PBXFrameworksBuildPhase section */

/* Begin PBXGroup section */
		501E2BFB2D4519C7007EE59D = {
			isa = PBXGroup;
			children = (
				501E2C062D4519C7007EE59D /* AACProject */,
				50D2F6702D7AFAB600BE728C /* AACProject.app */,
			);
			sourceTree = "<group>";
		};
		501E2C062D4519C7007EE59D /* AACProject */ = {
			isa = PBXGroup;
			children = (
				501E2C072D4519C7007EE59D /* AppDelegate.swift */,
				501E2C092D4519C7007EE59D /* SceneDelegate.swift */,
				501E2C0B2D4519C7007EE59D /* ViewController.swift */,
				501E2C0D2D4519C7007EE59D /* Main.storyboard */,
				501E2C102D4519C8007EE59D /* Assets.xcassets */,
				501E2C122D4519C8007EE59D /* LaunchScreen.storyboard */,
				501E2C152D4519C8007EE59D /* Info.plist */,
				506750EB2D8AC10E00B0ECE9 /* Asection.swift */,
				5023878C2DE1E1CB00B4059E /* Bsection.swift */,
			);
			path = AACProject;
			sourceTree = "<group>";
		};
/* End PBXGroup section */

/* Begin PBXNativeTarget section */
		501E2C032D4519C7007EE59D /* AACProject */ = {
			isa = PBXNativeTarget;
			buildConfigurationList = 501E2C182D4519C8007EE59D /* Build configuration list for PBXNativeTarget "AACProject" */;
			buildPhases = (
				501E2C002D4519C7007EE59D /* Sources */,
				501E2C012D4519C7007EE59D /* Frameworks */,
				501E2C022D4519C7007EE59D /* Resources */,
			);
			buildRules = (
			);
			dependencies = (
			);
			name = AACProject;
			packageProductDependencies = (
				504CFCE22D7833C2009FDC16 /* SnapKit */,
				504CFCE42D7833C2009FDC16 /* SnapKit-Dynamic */,
			);
			productName = AACProject;
			productReference = 50D2F6702D7AFAB600BE728C /* AACProject.app */;
			productType = "com.apple.product-type.application";
		};
/* End PBXNativeTarget section */

/* Begin PBXProject section */
		501E2BFC2D4519C7007EE59D /* Project object */ = {
			isa = PBXProject;
			attributes = {
				BuildIndependentTargetsInParallel = 1;
				LastSwiftUpdateCheck = 1510;
				LastUpgradeCheck = 1510;
				TargetAttributes = {
					501E2C032D4519C7007EE59D = {
						CreatedOnToolsVersion = 15.1;
					};
				};
			};
			buildConfigurationList = 501E2BFF2D4519C7007EE59D /* Build configuration list for PBXProject "AACProject" */;
			compatibilityVersion = "Xcode 14.0";
			developmentRegion = en;
			hasScannedForEncodings = 0;
			knownRegions = (
				en,
				Base,
			);
			mainGroup = 501E2BFB2D4519C7007EE59D;
			packageReferences = (
				505E0C922D78097F0075E54F /* XCRemoteSwiftPackageReference "SnapKit" */,
			);
			productRefGroup = 501E2BFB2D4519C7007EE59D;
			projectDirPath = "";
			projectRoot = "";
			targets = (
				501E2C032D4519C7007EE59D /* AACProject */,
			);
		};
/* End PBXProject section */

/* Begin PBXResourcesBuildPhase section */
		501E2C022D4519C7007EE59D /* Resources */ = {
			isa = PBXResourcesBuildPhase;
			buildActionMask = 2147483647;
			files = (
				509B39522D7AB89A007DEC17 /* Main.storyboard in Resources */,
				501E2C142D4519C8007EE59D /* LaunchScreen.storyboard in Resources */,
				501E2C112D4519C8007EE59D /* Assets.xcassets in Resources */,
			);
			runOnlyForDeploymentPostprocessing = 0;
		};
/* End PBXResourcesBuildPhase section */

/* Begin PBXSourcesBuildPhase section */
		501E2C002D4519C7007EE59D /* Sources */ = {
			isa = PBXSourcesBuildPhase;
			buildActionMask = 2147483647;
			files = (
				501E2C0C2D4519C7007EE59D /* ViewController.swift in Sources */,
				501E2C082D4519C7007EE59D /* AppDelegate.swift in Sources */,
				501E2C0A2D4519C7007EE59D /* SceneDelegate.swift in Sources */,
				506750EC2D8AC10E00B0ECE9 /* Asection.swift in Sources */,
				5023878D2DE1E1CB00B4059E /* Bsection.swift in Sources */,
			);
			runOnlyForDeploymentPostprocessing = 0;
		};
/* End PBXSourcesBuildPhase section */

/* Begin PBXVariantGroup section */
		501E2C0D2D4519C7007EE59D /* Main.storyboard */ = {
			isa = PBXVariantGroup;
			children = (
				501E2C0E2D4519C7007EE59D /* Base */,
			);
			name = Main.storyboard;
			sourceTree = "<group>";
		};
		501E2C122D4519C8007EE59D /* LaunchScreen.storyboard */ = {
			isa = PBXVariantGroup;
			children = (
				501E2C132D4519C8007EE59D /* Base */,
			);
			name = LaunchScreen.storyboard;
			sourceTree = "<group>";
		};
/* End PBXVariantGroup section */

/* Begin XCBuildConfiguration section */
		501E2C162D4519C8007EE59D /* Debug */ = {
			isa = XCBuildConfiguration;
			buildSettings = {
				ALWAYS_SEARCH_USER_PATHS = NO;
				ASSETCATALOG_COMPILER_GENERATE_SWIFT_ASSET_SYMBOL_EXTENSIONS = YES;
				CLANG_ANALYZER_NONNULL = YES;
				CLANG_ANALYZER_NUMBER_OBJECT_CONVERSION = YES_AGGRESSIVE;
				CLANG_CXX_LANGUAGE_STANDARD = "gnu++20";
				CLANG_ENABLE_MODULES = YES;
				CLANG_ENABLE_OBJC_ARC = YES;
				CLANG_ENABLE_OBJC_WEAK = YES;
				CLANG_WARN_BLOCK_CAPTURE_AUTORELEASING = YES;
				CLANG_WARN_BOOL_CONVERSION = YES;
				CLANG_WARN_COMMA = YES;
				CLANG_WARN_CONSTANT_CONVERSION = YES;
				CLANG_WARN_DEPRECATED_OBJC_IMPLEMENTATIONS = YES;
				CLANG_WARN_DIRECT_OBJC_ISA_USAGE = YES_ERROR;
				CLANG_WARN_DOCUMENTATION_COMMENTS = YES;
				CLANG_WARN_EMPTY_BODY = YES;
				CLANG_WARN_ENUM_CONVERSION = YES;
				CLANG_WARN_INFINITE_RECURSION = YES;
				CLANG_WARN_INT_CONVERSION = YES;
				CLANG_WARN_NON_LITERAL_NULL_CONVERSION = YES;
				CLANG_WARN_OBJC_IMPLICIT_RETAIN_SELF = YES;
				CLANG_WARN_OBJC_LITERAL_CONVERSION = YES;
				CLANG_WARN_OBJC_ROOT_CLASS = YES_ERROR;
				CLANG_WARN_QUOTED_INCLUDE_IN_FRAMEWORK_HEADER = YES;
				CLANG_WARN_RANGE_LOOP_ANALYSIS = YES;
				CLANG_WARN_STRICT_PROTOTYPES = YES;
				CLANG_WARN_SUSPICIOUS_MOVE = YES;
				CLANG_WARN_UNGUARDED_AVAILABILITY = YES_AGGRESSIVE;
				CLANG_WARN_UNREACHABLE_CODE = YES;
				CLANG_WARN__DUPLICATE_METHOD_MATCH = YES;
				COPY_PHASE_STRIP = NO;
				DEBUG_INFORMATION_FORMAT = dwarf;
				ENABLE_STRICT_OBJC_MSGSEND = YES;
				ENABLE_TESTABILITY = YES;
				ENABLE_USER_SCRIPT_SANDBOXING = YES;
				GCC_C_LANGUAGE_STANDARD = gnu17;
				GCC_DYNAMIC_NO_PIC = NO;
				GCC_NO_COMMON_BLOCKS = YES;
				GCC_OPTIMIZATION_LEVEL = 0;
				GCC_PREPROCESSOR_DEFINITIONS = (
					"DEBUG=1",
					"$(inherited)",
				);
				GCC_WARN_64_TO_32_BIT_CONVERSION = YES;
				GCC_WARN_ABOUT_RETURN_TYPE = YES_ERROR;
				GCC_WARN_UNDECLARED_SELECTOR = YES;
				GCC_WARN_UNINITIALIZED_AUTOS = YES_AGGRESSIVE;
				GCC_WARN_UNUSED_FUNCTION = YES;
				GCC_WARN_UNUSED_VARIABLE = YES;
				IPHONEOS_DEPLOYMENT_TARGET = 16.0;
				LOCALIZATION_PREFERS_STRING_CATALOGS = YES;
				MTL_ENABLE_DEBUG_INFO = INCLUDE_SOURCE;
				MTL_FAST_MATH = YES;
				ONLY_ACTIVE_ARCH = YES;
				SDKROOT = iphoneos;
				SWIFT_ACTIVE_COMPILATION_CONDITIONS = "DEBUG $(inherited)";
				SWIFT_OPTIMIZATION_LEVEL = "-Onone";
			};
			name = Debug;
		};
		501E2C172D4519C8007EE59D /* Release */ = {
			isa = XCBuildConfiguration;
			buildSettings = {
				ALWAYS_SEARCH_USER_PATHS = NO;
				ASSETCATALOG_COMPILER_GENERATE_SWIFT_ASSET_SYMBOL_EXTENSIONS = YES;
				CLANG_ANALYZER_NONNULL = YES;
				CLANG_ANALYZER_NUMBER_OBJECT_CONVERSION = YES_AGGRESSIVE;
				CLANG_CXX_LANGUAGE_STANDARD = "gnu++20";
				CLANG_ENABLE_MODULES = YES;
				CLANG_ENABLE_OBJC_ARC = YES;
				CLANG_ENABLE_OBJC_WEAK = YES;
				CLANG_WARN_BLOCK_CAPTURE_AUTORELEASING = YES;
				CLANG_WARN_BOOL_CONVERSION = YES;
				CLANG_WARN_COMMA = YES;
				CLANG_WARN_CONSTANT_CONVERSION = YES;
				CLANG_WARN_DEPRECATED_OBJC_IMPLEMENTATIONS = YES;
				CLANG_WARN_DIRECT_OBJC_ISA_USAGE = YES_ERROR;
				CLANG_WARN_DOCUMENTATION_COMMENTS = YES;
				CLANG_WARN_EMPTY_BODY = YES;
				CLANG_WARN_ENUM_CONVERSION = YES;
				CLANG_WARN_INFINITE_RECURSION = YES;
				CLANG_WARN_INT_CONVERSION = YES;
				CLANG_WARN_NON_LITERAL_NULL_CONVERSION = YES;
				CLANG_WARN_OBJC_IMPLICIT_RETAIN_SELF = YES;
				CLANG_WARN_OBJC_LITERAL_CONVERSION = YES;
				CLANG_WARN_OBJC_ROOT_CLASS = YES_ERROR;
				CLANG_WARN_QUOTED_INCLUDE_IN_FRAMEWORK_HEADER = YES;
				CLANG_WARN_RANGE_LOOP_ANALYSIS = YES;
				CLANG_WARN_STRICT_PROTOTYPES = YES;
				CLANG_WARN_SUSPICIOUS_MOVE = YES;
				CLANG_WARN_UNGUARDED_AVAILABILITY = YES_AGGRESSIVE;
				CLANG_WARN_UNREACHABLE_CODE = YES;
				CLANG_WARN__DUPLICATE_METHOD_MATCH = YES;
				COPY_PHASE_STRIP = NO;
				DEBUG_INFORMATION_FORMAT = "dwarf-with-dsym";
				ENABLE_NS_ASSERTIONS = NO;
				ENABLE_STRICT_OBJC_MSGSEND = YES;
				ENABLE_USER_SCRIPT_SANDBOXING = YES;
				GCC_C_LANGUAGE_STANDARD = gnu17;
				GCC_NO_COMMON_BLOCKS = YES;
				GCC_WARN_64_TO_32_BIT_CONVERSION = YES;
				GCC_WARN_ABOUT_RETURN_TYPE = YES_ERROR;
				GCC_WARN_UNDECLARED_SELECTOR = YES;
				GCC_WARN_UNINITIALIZED_AUTOS = YES_AGGRESSIVE;
				GCC_WARN_UNUSED_FUNCTION = YES;
				GCC_WARN_UNUSED_VARIABLE = YES;
				IPHONEOS_DEPLOYMENT_TARGET = 16.0;
				LOCALIZATION_PREFERS_STRING_CATALOGS = YES;
				MTL_ENABLE_DEBUG_INFO = NO;
				MTL_FAST_MATH = YES;
				ONLY_ACTIVE_ARCH = YES;
				SDKROOT = iphoneos;
				SWIFT_COMPILATION_MODE = wholemodule;
				VALIDATE_PRODUCT = YES;
			};
			name = Release;
		};
		501E2C192D4519C8007EE59D /* Debug */ = {
			isa = XCBuildConfiguration;
			buildSettings = {
				ALLOW_TARGET_PLATFORM_SPECIALIZATION = YES;
				ARCHS = "$(ARCHS_STANDARD)";
				ASSETCATALOG_COMPILER_APPICON_NAME = AppIcon;
				ASSETCATALOG_COMPILER_GLOBAL_ACCENT_COLOR_NAME = AccentColor;
				"CODE_SIGN_IDENTITY[sdk=macosx*]" = "Apple Development";
				CODE_SIGN_STYLE = Automatic;
				CURRENT_PROJECT_VERSION = 1;
				DEVELOPMENT_TEAM = ZYMSMCD3TG;
				GENERATE_INFOPLIST_FILE = YES;
				INFOPLIST_FILE = AACProject/Info.plist;
				INFOPLIST_KEY_NSCameraUsageDescription = "사용자 카메라 접근";
				INFOPLIST_KEY_NSPhotoLibraryAddUsageDescription = "사용자 사진 보관함 접근";
				INFOPLIST_KEY_UIApplicationSupportsIndirectInputEvents = YES;
				INFOPLIST_KEY_UILaunchStoryboardName = LaunchScreen;
				INFOPLIST_KEY_UIMainStoryboardFile = Main;
				INFOPLIST_KEY_UIRequiresFullScreen = YES;
				INFOPLIST_KEY_UIStatusBarStyle = "";
				INFOPLIST_KEY_UISupportedInterfaceOrientations = "UIInterfaceOrientationLandscapeLeft UIInterfaceOrientationLandscapeRight UIInterfaceOrientationPortrait";
				INFOPLIST_KEY_UISupportedInterfaceOrientations_iPad = "UIInterfaceOrientationLandscapeLeft UIInterfaceOrientationLandscapeRight";
				IPHONEOS_DEPLOYMENT_TARGET = 15.0;
				LD_RUNPATH_SEARCH_PATHS = (
					"$(inherited)",
					"@executable_path/Frameworks",
				);
				MARKETING_VERSION = 1.0;
				PRODUCT_BUNDLE_IDENTIFIER = edu.stanford.20213944.AACProject;
				PRODUCT_NAME = "$(TARGET_NAME)";
				SUPPORTED_PLATFORMS = "iphoneos iphonesimulator";
				SUPPORTS_MACCATALYST = NO;
				SUPPORTS_MAC_DESIGNED_FOR_IPHONE_IPAD = NO;
				SWIFT_EMIT_LOC_STRINGS = YES;
				SWIFT_VERSION = 5.0;
				TARGETED_DEVICE_FAMILY = 2;
			};
			name = Debug;
		};
		501E2C1A2D4519C8007EE59D /* Release */ = {
			isa = XCBuildConfiguration;
			buildSettings = {
				ARCHS = "$(ARCHS_STANDARD)";
				ASSETCATALOG_COMPILER_APPICON_NAME = AppIcon;
				ASSETCATALOG_COMPILER_GLOBAL_ACCENT_COLOR_NAME = AccentColor;
				CODE_SIGN_STYLE = Automatic;
				CURRENT_PROJECT_VERSION = 1;
				DEVELOPMENT_TEAM = ZYMSMCD3TG;
				GENERATE_INFOPLIST_FILE = YES;
				INFOPLIST_FILE = AACProject/Info.plist;
				INFOPLIST_KEY_NSCameraUsageDescription = "사용자 카메라 접근";
				INFOPLIST_KEY_NSPhotoLibraryAddUsageDescription = "사용자 사진 보관함 접근";
				INFOPLIST_KEY_UIApplicationSupportsIndirectInputEvents = YES;
				INFOPLIST_KEY_UILaunchStoryboardName = LaunchScreen;
				INFOPLIST_KEY_UIMainStoryboardFile = Main;
				INFOPLIST_KEY_UIRequiresFullScreen = YES;
				INFOPLIST_KEY_UIStatusBarStyle = "";
				INFOPLIST_KEY_UISupportedInterfaceOrientations = "UIInterfaceOrientationLandscapeLeft UIInterfaceOrientationLandscapeRight UIInterfaceOrientationPortrait";
				INFOPLIST_KEY_UISupportedInterfaceOrientations_iPad = "UIInterfaceOrientationLandscapeLeft UIInterfaceOrientationLandscapeRight";
				IPHONEOS_DEPLOYMENT_TARGET = 15.0;
				LD_RUNPATH_SEARCH_PATHS = (
					"$(inherited)",
					"@executable_path/Frameworks",
				);
				MARKETING_VERSION = 1.0;
				PRODUCT_BUNDLE_IDENTIFIER = edu.stanford.20213944.AACProject;
				PRODUCT_NAME = "$(TARGET_NAME)";
				SUPPORTED_PLATFORMS = "iphoneos iphonesimulator";
				SUPPORTS_MACCATALYST = NO;
				SUPPORTS_MAC_DESIGNED_FOR_IPHONE_IPAD = NO;
				SWIFT_EMIT_LOC_STRINGS = YES;
				SWIFT_VERSION = 5.0;
				TARGETED_DEVICE_FAMILY = 2;
			};
			name = Release;
		};
/* End XCBuildConfiguration section */

/* Begin XCConfigurationList section */
		501E2BFF2D4519C7007EE59D /* Build configuration list for PBXProject "AACProject" */ = {
			isa = XCConfigurationList;
			buildConfigurations = (
				501E2C162D4519C8007EE59D /* Debug */,
				501E2C172D4519C8007EE59D /* Release */,
			);
			defaultConfigurationIsVisible = 0;
			defaultConfigurationName = Release;
		};
		501E2C182D4519C8007EE59D /* Build configuration list for PBXNativeTarget "AACProject" */ = {
			isa = XCConfigurationList;
			buildConfigurations = (
				501E2C192D4519C8007EE59D /* Debug */,
				501E2C1A2D4519C8007EE59D /* Release */,
			);
			defaultConfigurationIsVisible = 0;
			defaultConfigurationName = Release;
		};
/* End XCConfigurationList section */

/* Begin XCRemoteSwiftPackageReference section */
		505E0C922D78097F0075E54F /* XCRemoteSwiftPackageReference "SnapKit" */ = {
			isa = XCRemoteSwiftPackageReference;
			repositoryURL = "https://github.com/SnapKit/SnapKit.git";
			requirement = {
				kind = upToNextMajorVersion;
				minimumVersion = 5.7.1;
			};
		};
/* End XCRemoteSwiftPackageReference section */

/* Begin XCSwiftPackageProductDependency section */
		504CFCE22D7833C2009FDC16 /* SnapKit */ = {
			isa = XCSwiftPackageProductDependency;
			package = 505E0C922D78097F0075E54F /* XCRemoteSwiftPackageReference "SnapKit" */;
			productName = SnapKit;
		};
		504CFCE42D7833C2009FDC16 /* SnapKit-Dynamic */ = {
			isa = XCSwiftPackageProductDependency;
			package = 505E0C922D78097F0075E54F /* XCRemoteSwiftPackageReference "SnapKit" */;
			productName = "SnapKit-Dynamic";
		};
/* End XCSwiftPackageProductDependency section */
	};
	rootObject = 501E2BFC2D4519C7007EE59D /* Project object */;
}
